
Microsoft Visual Studio Solution File, Format Version 12.00
# Visual Studio Version 17
VisualStudioVersion = 17.3.32929.385
MinimumVisualStudioVersion = 10.0.40219.1
Project("{FAE04EC0-301F-11D3-BF4B-00C04F79EFBC}") = "Matrix", "Matrix\Matrix.csproj", "{FA4D6B8F-670F-4C08-87AB-3F627F1E9105}"
EndProject
Global
	GlobalSection(SolutionConfigurationPlatforms) = preSolution
		Debug|Any CPU = Debug|Any CPU
		Release|Any CPU = Release|Any CPU
	EndGlobalSection
	GlobalSection(ProjectConfigurationPlatforms) = postSolution
		{FA4D6B8F-670F-4C08-87AB-3F627F1E9105}.Debug|Any CPU.ActiveCfg = Debug|Any CPU
		{FA4D6B8F-670F-4C08-87AB-3F627F1E9105}.Debug|Any CPU.Build.0 = Debug|Any CPU
		{FA4D6B8F-670F-4C08-87AB-3F627F1E9105}.Release|Any CPU.ActiveCfg = Release|Any CPU
		{FA4D6B8F-670F-4C08-87AB-3F627F1E9105}.Release|Any CPU.Build.0 = Release|Any CPU
	EndGlobalSection
	GlobalSection(SolutionProperties) = preSolution
		HideSolutionNode = FALSE
	EndGlobalSection
	GlobalSection(ExtensibilityGlobals) = postSolution
		SolutionGuid = {1797BA2C-D094-47D2-9E93-A27AE1CFD710}
	EndGlobalSection
EndGlobal
